
Microsoft Visual Studio Solution File, Format Version 12.00
# Visual Studio Version 16
VisualStudioVersion = 16.0.31205.134
MinimumVisualStudioVersion = 10.0.40219.1
Project("{FAE04EC0-301F-11D3-BF4B-00C04F79EFBC}") = "WebApplication1", "WebApplication1\WebApplication1.csproj", "{B44990AD-CDD9-4BD7-A7F1-DA767C757FFD}"
EndProject
Global
	GlobalSection(SolutionConfigurationPlatforms) = preSolution
		Debug|Any CPU = Debug|Any CPU
		Release|Any CPU = Release|Any CPU
	EndGlobalSection
	GlobalSection(ProjectConfigurationPlatforms) = postSolution
		{B44990AD-CDD9-4BD7-A7F1-DA767C757FFD}.Debug|Any CPU.ActiveCfg = Debug|Any CPU
		{B44990AD-CDD9-4BD7-A7F1-DA767C757FFD}.Debug|Any CPU.Build.0 = Debug|Any CPU
		{B44990AD-CDD9-4BD7-A7F1-DA767C757FFD}.Release|Any CPU.ActiveCfg = Release|Any CPU
		{B44990AD-CDD9-4BD7-A7F1-DA767C757FFD}.Release|Any CPU.Build.0 = Release|Any CPU
	EndGlobalSection
	GlobalSection(SolutionProperties) = preSolution
		HideSolutionNode = FALSE
	EndGlobalSection
	GlobalSection(ExtensibilityGlobals) = postSolution
		SolutionGuid = {4F17E9C6-279A-44F9-8361-F0FE033DBCA8}
	EndGlobalSection
EndGlobal
